
Microsoft Visual Studio Solution File, Format Version 12.00
# Visual Studio Version 17
VisualStudioVersion = 17.6.33815.320
MinimumVisualStudioVersion = 10.0.40219.1
Project("{FAE04EC0-301F-11D3-BF4B-00C04F79EFBC}") = "PraticandoViews", "PraticandoViews\PraticandoViews.csproj", "{0A714E5A-76A7-48F6-A7B0-2653B1B6F0E8}"
EndProject
Global
	GlobalSection(SolutionConfigurationPlatforms) = preSolution
		Debug|Any CPU = Debug|Any CPU
		Release|Any CPU = Release|Any CPU
	EndGlobalSection
	GlobalSection(ProjectConfigurationPlatforms) = postSolution
		{0A714E5A-76A7-48F6-A7B0-2653B1B6F0E8}.Debug|Any CPU.ActiveCfg = Debug|Any CPU
		{0A714E5A-76A7-48F6-A7B0-2653B1B6F0E8}.Debug|Any CPU.Build.0 = Debug|Any CPU
		{0A714E5A-76A7-48F6-A7B0-2653B1B6F0E8}.Release|Any CPU.ActiveCfg = Release|Any CPU
		{0A714E5A-76A7-48F6-A7B0-2653B1B6F0E8}.Release|Any CPU.Build.0 = Release|Any CPU
	EndGlobalSection
	GlobalSection(SolutionProperties) = preSolution
		HideSolutionNode = FALSE
	EndGlobalSection
	GlobalSection(ExtensibilityGlobals) = postSolution
		SolutionGuid = {CB574E26-96A8-4752-84A1-6A5848290346}
	EndGlobalSection
EndGlobal
