
Microsoft Visual Studio Solution File, Format Version 12.00
# Visual Studio Version 17
VisualStudioVersion = 17.6.33815.320
MinimumVisualStudioVersion = 10.0.40219.1
Project("{FAE04EC0-301F-11D3-BF4B-00C04F79EFBC}") = "PraticandoViewComponents", "PraticandoViewComponents\PraticandoViewComponents.csproj", "{0F33156D-2AAF-4122-B57D-34EE50A38266}"
EndProject
Global
	GlobalSection(SolutionConfigurationPlatforms) = preSolution
		Debug|Any CPU = Debug|Any CPU
		Release|Any CPU = Release|Any CPU
	EndGlobalSection
	GlobalSection(ProjectConfigurationPlatforms) = postSolution
		{0F33156D-2AAF-4122-B57D-34EE50A38266}.Debug|Any CPU.ActiveCfg = Debug|Any CPU
		{0F33156D-2AAF-4122-B57D-34EE50A38266}.Debug|Any CPU.Build.0 = Debug|Any CPU
		{0F33156D-2AAF-4122-B57D-34EE50A38266}.Release|Any CPU.ActiveCfg = Release|Any CPU
		{0F33156D-2AAF-4122-B57D-34EE50A38266}.Release|Any CPU.Build.0 = Release|Any CPU
	EndGlobalSection
	GlobalSection(SolutionProperties) = preSolution
		HideSolutionNode = FALSE
	EndGlobalSection
	GlobalSection(ExtensibilityGlobals) = postSolution
		SolutionGuid = {E9B80D34-2E83-48D7-B14D-030ECECA7589}
	EndGlobalSection
EndGlobal
